<?xml version="1.0" encoding="utf-8"?>
<Project ToolsVersion="4.0" xmlns="http://schemas.microsoft.com/developer/msbuild/2003">
  <ItemGroup>
    <Filter Include="リソース ファイル">
      <UniqueIdentifier>{67DA6AB6-F800-4c08-8B7A-83BB121AAD01}</UniqueIdentifier>
      <Extensions>rc;ico;cur;bmp;dlg;rc2;rct;bin;rgs;gif;jpg;jpeg;jpe;resx;tiff;tif;png;wav;mfcribbon-ms</Extensions>
    </Filter>
    <Filter Include="main">
      <UniqueIdentifier>{1f831b9a-1d94-4758-a653-4c977c0472cc}</UniqueIdentifier>
    </Filter>
    <Filter Include="input">
      <UniqueIdentifier>{936743ab-5d92-4bbc-9d5e-a7b51bbe805d}</UniqueIdentifier>
    </Filter>
    <Filter Include="object">
      <UniqueIdentifier>{4ec9b9cf-0286-4bda-bd00-7a0ec038d1f0}</UniqueIdentifier>
    </Filter>
    <Filter Include="object\scene">
      <UniqueIdentifier>{5207884a-4e7a-4258-915f-e4aec648b88c}</UniqueIdentifier>
    </Filter>
    <Filter Include="phase">
      <UniqueIdentifier>{1fa324ed-f41a-417b-abb7-0b6f9d9acf19}</UniqueIdentifier>
    </Filter>
    <Filter Include="object\character">
      <UniqueIdentifier>{dea42c2b-8d53-4d78-9668-c5bbe592cb29}</UniqueIdentifier>
    </Filter>
    <Filter Include="import">
      <UniqueIdentifier>{bde76769-a7af-42a1-b536-7d455392063d}</UniqueIdentifier>
    </Filter>
    <Filter Include="object\background">
      <UniqueIdentifier>{1aaec6db-a137-4919-bd63-686988bf7e74}</UniqueIdentifier>
    </Filter>
    <Filter Include="object\character\player">
      <UniqueIdentifier>{3bdffeca-7f8a-4747-840a-baba7da01d88}</UniqueIdentifier>
    </Filter>
    <Filter Include="object\stumbler">
      <UniqueIdentifier>{d08ffa58-4e0d-47ee-8658-d6a224a3ebc9}</UniqueIdentifier>
    </Filter>
    <Filter Include="object\goal">
      <UniqueIdentifier>{888eba1b-8066-4f82-a09c-cfc27376d83b}</UniqueIdentifier>
    </Filter>
    <Filter Include="object\character\player">
      <UniqueIdentifier>{91a77246-88e4-4028-a96a-f6b13ab23745}</UniqueIdentifier>
    </Filter>
    <Filter Include="object\character\player\character_vehicle">
      <UniqueIdentifier>{93159aa8-7507-46d3-a40d-6ccec6ea447a}</UniqueIdentifier>
    </Filter>
    <Filter Include="object\character\player\character_player">
      <UniqueIdentifier>{3bdffeca-7f8a-4747-840a-baba7da01d88}</UniqueIdentifier>
    </Filter>
    <Filter Include="object\sky">
      <UniqueIdentifier>{04228886-7ee5-4cc2-a79a-9001cdde358b}</UniqueIdentifier>
    </Filter>
    <Filter Include="debug">
      <UniqueIdentifier>{34021d3f-8823-4562-8376-24555a4e57d0}</UniqueIdentifier>
    </Filter>
    <Filter Include="manager">
      <UniqueIdentifier>{0deb8010-d8f6-40b0-ad9c-1d7ec924744c}</UniqueIdentifier>
    </Filter>
    <Filter Include="renderer">
      <UniqueIdentifier>{c06ec4af-a36a-4cd4-94d7-62357f0ad206}</UniqueIdentifier>
    </Filter>
    <Filter Include="phase\title">
      <UniqueIdentifier>{5e3cd453-2316-47f9-9aeb-76894786af4d}</UniqueIdentifier>
    </Filter>
    <Filter Include="phase\game">
      <UniqueIdentifier>{680737bd-da8b-40b5-9d93-f804936e2705}</UniqueIdentifier>
    </Filter>
    <Filter Include="phase\result">
      <UniqueIdentifier>{bdd2949b-a2d5-4f1f-ae41-d9aad6dd0b07}</UniqueIdentifier>
    </Filter>
    <Filter Include="phase\fade">
      <UniqueIdentifier>{1c035479-3a31-42ca-b7e7-9e290b48fe0d}</UniqueIdentifier>
    </Filter>
    <Filter Include="object\particle">
      <UniqueIdentifier>{b5d34b13-69e6-49ff-9a06-ed2fa9da34bc}</UniqueIdentifier>
    </Filter>
    <Filter Include="phase\result\gameover">
      <UniqueIdentifier>{c532af50-f412-4e5b-ba3b-caf227d5ac14}</UniqueIdentifier>
    </Filter>
    <Filter Include="phase\result\gameclear">
      <UniqueIdentifier>{b184bb7a-3855-45e5-980b-6a63cd871d06}</UniqueIdentifier>
    </Filter>
    <Filter Include="object\particle\manager">
      <UniqueIdentifier>{a97f7bf8-e6e9-4fce-baf5-4426583a26aa}</UniqueIdentifier>
    </Filter>
    <Filter Include="object\particle\paticle_object">
      <UniqueIdentifier>{41e21f09-23e4-4255-944a-e49fc839e533}</UniqueIdentifier>
    </Filter>
    <Filter Include="object\particle\mini_particle_object">
      <UniqueIdentifier>{b4dafc4e-e95e-487c-a5e6-724796a05d7d}</UniqueIdentifier>
    </Filter>
    <Filter Include="object\road">
      <UniqueIdentifier>{3c524406-f6bf-4439-b033-ec064932cefb}</UniqueIdentifier>
    </Filter>
    <Filter Include="object\list">
      <UniqueIdentifier>{6f62a0ca-dee8-4360-8ce5-d929c34a5977}</UniqueIdentifier>
    </Filter>
    <Filter Include="phase\equipment_choice">
      <UniqueIdentifier>{2c5ad15d-52c5-4ccc-a6ff-83487d2616f1}</UniqueIdentifier>
    </Filter>
    <Filter Include="map">
      <UniqueIdentifier>{ac3d011f-9b37-4e52-ae71-56b19f32a6e5}</UniqueIdentifier>
    </Filter>
    <Filter Include="object\target">
      <UniqueIdentifier>{aef4cc34-83f8-4343-9f63-87f397a683ce}</UniqueIdentifier>
    </Filter>
    <Filter Include="sound">
      <UniqueIdentifier>{86099491-5e6f-410d-a9ea-53b5049cd0a8}</UniqueIdentifier>
    </Filter>
    <Filter Include="phase\nowload">
      <UniqueIdentifier>{15f8eef4-1240-4531-afbf-012647cafe34}</UniqueIdentifier>
    </Filter>
    <Filter Include="object\loading_icon">
      <UniqueIdentifier>{f3525687-13b9-4ca2-8b60-aaa9cc3a1bca}</UniqueIdentifier>
    </Filter>
    <Filter Include="Thread">
      <UniqueIdentifier>{259cc470-2bfd-40f7-8e45-d8d08cf4eb3b}</UniqueIdentifier>
    </Filter>
    <Filter Include="phase\stage_select">
      <UniqueIdentifier>{56b11773-c95b-4b51-b908-deb5d8ef87e3}</UniqueIdentifier>
    </Filter>
    <Filter Include="object\configholder">
      <UniqueIdentifier>{a2e02477-ae8c-4ef4-8249-57e7869ed26c}</UniqueIdentifier>
    </Filter>
    <Filter Include="object\character\character_goal">
      <UniqueIdentifier>{1d1acd3d-9a0e-4b48-9dc2-a74762a07e8a}</UniqueIdentifier>
    </Filter>
  </ItemGroup>
  <ItemGroup>
    <ClCompile Include="main.cpp">
      <Filter>main</Filter>
    </ClCompile>
    <ClCompile Include="input.cpp">
      <Filter>input</Filter>
    </ClCompile>
    <ClCompile Include="inputKeyboard.cpp">
      <Filter>input</Filter>
    </ClCompile>
    <ClCompile Include="inputPadX.cpp">
      <Filter>input</Filter>
    </ClCompile>
    <ClCompile Include="scene.cpp">
      <Filter>object\scene</Filter>
    </ClCompile>
    <ClCompile Include="scene2D.cpp">
      <Filter>object\scene</Filter>
    </ClCompile>
    <ClCompile Include="import.cpp">
      <Filter>import</Filter>
    </ClCompile>
    <ClCompile Include="character_player.cpp">
      <Filter>object\character\player\character_player</Filter>
    </ClCompile>
    <ClCompile Include="stumbler.cpp">
      <Filter>object\stumbler</Filter>
    </ClCompile>
    <ClCompile Include="inputPadDirect.cpp">
      <Filter>input</Filter>
    </ClCompile>
    <ClCompile Include="character_vehicle.cpp">
      <Filter>object\character\player\character_vehicle</Filter>
    </ClCompile>
    <ClCompile Include="math_animation.cpp">
      <Filter>object\character</Filter>
    </ClCompile>
    <ClCompile Include="background.cpp">
      <Filter>object\background</Filter>
    </ClCompile>
    <ClCompile Include="goal.cpp">
      <Filter>object\goal</Filter>
    </ClCompile>
    <ClCompile Include="sky.cpp">
      <Filter>object\sky</Filter>
    </ClCompile>
    <ClCompile Include="debugproc.cpp">
      <Filter>debug</Filter>
    </ClCompile>
    <ClCompile Include="manager.cpp">
      <Filter>manager</Filter>
    </ClCompile>
    <ClCompile Include="renderer.cpp">
      <Filter>renderer</Filter>
    </ClCompile>
    <ClCompile Include="title.cpp">
      <Filter>phase\title</Filter>
    </ClCompile>
    <ClCompile Include="game.cpp">
      <Filter>phase\game</Filter>
    </ClCompile>
    <ClCompile Include="result.cpp">
      <Filter>phase\result</Filter>
    </ClCompile>
    <ClCompile Include="phase.cpp">
      <Filter>phase</Filter>
    </ClCompile>
    <ClCompile Include="fade.cpp">
      <Filter>phase\fade</Filter>
    </ClCompile>
    <ClCompile Include="gameclear.cpp">
      <Filter>phase\result\gameclear</Filter>
    </ClCompile>
    <ClCompile Include="gameover.cpp">
      <Filter>phase\result\gameover</Filter>
    </ClCompile>
    <ClCompile Include="stum_manager.cpp">
      <Filter>object\stumbler</Filter>
    </ClCompile>
    <ClCompile Include="particle_manager.cpp">
      <Filter>object\particle\manager</Filter>
    </ClCompile>
    <ClCompile Include="particle_object.cpp">
      <Filter>object\particle\paticle_object</Filter>
    </ClCompile>
    <ClCompile Include="mini_particle_object.cpp">
      <Filter>object\particle\mini_particle_object</Filter>
    </ClCompile>
    <ClCompile Include="road.cpp">
      <Filter>object\road</Filter>
    </ClCompile>
    <ClCompile Include="road_manager.cpp">
      <Filter>object\road</Filter>
    </ClCompile>
    <ClCompile Include="listObject.cpp">
      <Filter>object\list</Filter>
    </ClCompile>
    <ClCompile Include="equipment_choice.cpp">
      <Filter>phase\equipment_choice</Filter>
    </ClCompile>
    <ClCompile Include="mapData.cpp">
      <Filter>map</Filter>
    </ClCompile>
    <ClCompile Include="background_manager.cpp">
      <Filter>object\background</Filter>
    </ClCompile>
    <ClCompile Include="target.cpp">
      <Filter>object\target</Filter>
    </ClCompile>
    <ClCompile Include="target_manager.cpp">
      <Filter>object\target</Filter>
    </ClCompile>
    <ClCompile Include="sound.cpp">
      <Filter>sound</Filter>
    </ClCompile>
    <ClCompile Include="nowload.cpp">
      <Filter>phase\nowload</Filter>
    </ClCompile>
    <ClCompile Include="loading_icon.cpp">
      <Filter>object\loading_icon</Filter>
    </ClCompile>
    <ClCompile Include="Thread.cpp">
      <Filter>Thread</Filter>
    </ClCompile>
    <ClCompile Include="stage_select.cpp">
      <Filter>phase\stage_select</Filter>
    </ClCompile>
    <ClCompile Include="configholder.cpp">
      <Filter>object\configholder</Filter>
    </ClCompile>
    <ClCompile Include="character_goal.cpp">
      <Filter>object\character\character_goal</Filter>
    </ClCompile>
  </ItemGroup>
  <ItemGroup>
    <ClInclude Include="main.h">
      <Filter>main</Filter>
    </ClInclude>
    <ClInclude Include="input.h">
      <Filter>input</Filter>
    </ClInclude>
    <ClInclude Include="inputKeyboard.h">
      <Filter>input</Filter>
    </ClInclude>
    <ClInclude Include="inputPadX.h">
      <Filter>input</Filter>
    </ClInclude>
    <ClInclude Include="scene.h">
      <Filter>object\scene</Filter>
    </ClInclude>
    <ClInclude Include="scene2D.h">
      <Filter>object\scene</Filter>
    </ClInclude>
    <ClInclude Include="import.h">
      <Filter>import</Filter>
    </ClInclude>
    <ClInclude Include="character_player.h">
      <Filter>object\character\player\character_player</Filter>
    </ClInclude>
    <ClInclude Include="stumbler.h">
      <Filter>object\stumbler</Filter>
    </ClInclude>
    <ClInclude Include="inputPadDirect.h">
      <Filter>input</Filter>
    </ClInclude>
    <ClInclude Include="player_config.h">
      <Filter>object\character\player\character_player</Filter>
    </ClInclude>
    <ClInclude Include="character_vehicle.h">
      <Filter>object\character\player\character_vehicle</Filter>
    </ClInclude>
    <ClInclude Include="math_animation.h">
      <Filter>object\character</Filter>
    </ClInclude>
    <ClInclude Include="vehicle_config.h">
      <Filter>object\character\player\character_vehicle</Filter>
    </ClInclude>
    <ClInclude Include="background.h">
      <Filter>object\background</Filter>
    </ClInclude>
    <ClInclude Include="goal.h">
      <Filter>object\goal</Filter>
    </ClInclude>
    <ClInclude Include="sky.h">
      <Filter>object\sky</Filter>
    </ClInclude>
    <ClInclude Include="debugproc.h">
      <Filter>debug</Filter>
    </ClInclude>
    <ClInclude Include="manager.h">
      <Filter>manager</Filter>
    </ClInclude>
    <ClInclude Include="renderer.h">
      <Filter>renderer</Filter>
    </ClInclude>
    <ClInclude Include="title.h">
      <Filter>phase\title</Filter>
    </ClInclude>
    <ClInclude Include="game.h">
      <Filter>phase\game</Filter>
    </ClInclude>
    <ClInclude Include="result.h">
      <Filter>phase\result</Filter>
    </ClInclude>
    <ClInclude Include="phase.h">
      <Filter>phase</Filter>
    </ClInclude>
    <ClInclude Include="fade.h">
      <Filter>phase\fade</Filter>
    </ClInclude>
    <ClInclude Include="gameclear.h">
      <Filter>phase\result\gameclear</Filter>
    </ClInclude>
    <ClInclude Include="gameover.h">
      <Filter>phase\result\gameover</Filter>
    </ClInclude>
    <ClInclude Include="stum_manager.h">
      <Filter>object\stumbler</Filter>
    </ClInclude>
    <ClInclude Include="particle_manager.h">
      <Filter>object\particle\manager</Filter>
    </ClInclude>
    <ClInclude Include="particle_object.h">
      <Filter>object\particle\paticle_object</Filter>
    </ClInclude>
    <ClInclude Include="mini_particle_object.h">
      <Filter>object\particle\mini_particle_object</Filter>
    </ClInclude>
    <ClInclude Include="road.h">
      <Filter>object\road</Filter>
    </ClInclude>
    <ClInclude Include="road_manager.h">
      <Filter>object\road</Filter>
    </ClInclude>
    <ClInclude Include="listObject.h">
      <Filter>object\list</Filter>
    </ClInclude>
    <ClInclude Include="equipment_choice.h">
      <Filter>phase\equipment_choice</Filter>
    </ClInclude>
    <ClInclude Include="character_config.h">
      <Filter>object\character\player</Filter>
    </ClInclude>
    <ClInclude Include="mapData.h">
      <Filter>map</Filter>
    </ClInclude>
    <ClInclude Include="background_manager.h">
      <Filter>object\background</Filter>
    </ClInclude>
    <ClInclude Include="target.h">
      <Filter>object\target</Filter>
    </ClInclude>
    <ClInclude Include="target_manager.h">
      <Filter>object\target</Filter>
    </ClInclude>
    <ClInclude Include="equipment_choice_config.h">
      <Filter>phase\equipment_choice</Filter>
    </ClInclude>
    <ClInclude Include="sound.h">
      <Filter>sound</Filter>
    </ClInclude>
    <ClInclude Include="nowload.h">
      <Filter>phase\nowload</Filter>
    </ClInclude>
    <ClInclude Include="loading_icon.h">
      <Filter>object\loading_icon</Filter>
    </ClInclude>
    <ClInclude Include="Thread.h">
      <Filter>Thread</Filter>
    </ClInclude>
    <ClInclude Include="stage_select.h">
      <Filter>phase\stage_select</Filter>
    </ClInclude>
    <ClInclude Include="stage_select_conf.h">
      <Filter>phase\stage_select</Filter>
    </ClInclude>
    <ClInclude Include="configholder.h">
      <Filter>object\configholder</Filter>
    </ClInclude>
    <ClInclude Include="character_goal.h">
      <Filter>object\character\character_goal</Filter>
    </ClInclude>
  </ItemGroup>
</Project>